
Microsoft Visual Studio Solution File, Format Version 12.00
# Visual Studio Version 16
VisualStudioVersion = 16.0.32630.194
MinimumVisualStudioVersion = 10.0.40219.1
Project("{FAE04EC0-301F-11D3-BF4B-00C04F79EFBC}") = "Desafio05082022", "Desafio05082022\Desafio05082022.csproj", "{1DD3A6E4-4A10-4291-A61E-FE908E780593}"
EndProject
Global
	GlobalSection(SolutionConfigurationPlatforms) = preSolution
		Debug|Any CPU = Debug|Any CPU
		Release|Any CPU = Release|Any CPU
	EndGlobalSection
	GlobalSection(ProjectConfigurationPlatforms) = postSolution
		{1DD3A6E4-4A10-4291-A61E-FE908E780593}.Debug|Any CPU.ActiveCfg = Debug|Any CPU
		{1DD3A6E4-4A10-4291-A61E-FE908E780593}.Debug|Any CPU.Build.0 = Debug|Any CPU
		{1DD3A6E4-4A10-4291-A61E-FE908E780593}.Release|Any CPU.ActiveCfg = Release|Any CPU
		{1DD3A6E4-4A10-4291-A61E-FE908E780593}.Release|Any CPU.Build.0 = Release|Any CPU
	EndGlobalSection
	GlobalSection(SolutionProperties) = preSolution
		HideSolutionNode = FALSE
	EndGlobalSection
	GlobalSection(ExtensibilityGlobals) = postSolution
		SolutionGuid = {15548FE6-FA2E-438E-9E5F-192477145F76}
	EndGlobalSection
EndGlobal
